version = 1
revision = 2
requires-python = ">=3.8, <3.11"
resolution-markers = [
    "python_full_version >= '3.9'",
    "python_full_version < '3.9'",
]

[[package]]
name = "altgraph"
version = "0.17.4"
source = { registry = "https://pypi.org/simple" }
sdist = { url = "https://files.pythonhosted.org/packages/de/a8/7145824cf0b9e3c28046520480f207df47e927df83aa9555fb47f8505922/altgraph-0.17.4.tar.gz", hash = "sha256:1b5afbb98f6c4dcadb2e2ae6ab9fa994bbb8c1d75f4fa96d340f9437ae454406", size = 48418, upload-time = "2023-09-25T09:04:52.164Z" }
wheels = [
    { url = "https://files.pythonhosted.org/packages/4d/3f/3bc3f1d83f6e4a7fcb834d3720544ca597590425be5ba9db032b2bf322a2/altgraph-0.17.4-py2.py3-none-any.whl", hash = "sha256:642743b4750de17e655e6711601b077bc6598dbfa3ba5fa2b2a35ce12b508dff", size = 21212, upload-time = "2023-09-25T09:04:50.691Z" },
]

[[package]]
name = "astroid"
version = "2.5"
source = { registry = "https://pypi.org/simple" }
dependencies = [
    { name = "lazy-object-proxy", version = "1.10.0", source = { registry = "https://pypi.org/simple" }, marker = "python_full_version < '3.9'" },
    { name = "lazy-object-proxy", version = "1.12.0", source = { registry = "https://pypi.org/simple" }, marker = "python_full_version >= '3.9'" },
    { name = "wrapt" },
]
sdist = { url = "https://files.pythonhosted.org/packages/18/00/753b485627d9cd642516c195db63dcc0c87c36b8c682125c000b7f611b09/astroid-2.5.tar.gz", hash = "sha256:b31c92f545517dcc452f284bc9c044050862fbe6d93d2b3de4a215a6b384bf0d", size = 304788, upload-time = "2021-02-15T20:45:08.578Z" }
wheels = [
    { url = "https://files.pythonhosted.org/packages/ff/f0/2364d469327ffef8ee1964a5995f8206fd22fcfa57f2618498f8b963329f/astroid-2.5-py3-none-any.whl", hash = "sha256:87ae7f2398b8a0ae5638ddecf9987f081b756e0e9fc071aeebdca525671fc4dc", size = 220285, upload-time = "2021-02-15T20:45:04.222Z" },
]

[[package]]
name = "certifi"
version = "2025.8.3"
source = { registry = "https://pypi.org/simple" }
sdist = { url = "https://files.pythonhosted.org/packages/dc/67/960ebe6bf230a96cda2e0abcf73af550ec4f090005363542f0765df162e0/certifi-2025.8.3.tar.gz", hash = "sha256:e564105f78ded564e3ae7c923924435e1daa7463faeab5bb932bc53ffae63407", size = 162386, upload-time = "2025-08-03T03:07:47.08Z" }
wheels = [
    { url = "https://files.pythonhosted.org/packages/e5/48/1549795ba7742c948d2ad169c1c8cdbae65bc450d6cd753d124b17c8cd32/certifi-2025.8.3-py3-none-any.whl", hash = "sha256:f6c12493cfb1b06ba2ff328595af9350c65d6644968e5d3a2ffd78699af217a5", size = 161216, upload-time = "2025-08-03T03:07:45.777Z" },
]

[[package]]
name = "chardet"
version = "3.0.4"
source = { registry = "https://pypi.org/simple" }
sdist = { url = "https://files.pythonhosted.org/packages/fc/bb/a5768c230f9ddb03acc9ef3f0d4a3cf93462473795d18e9535498c8f929d/chardet-3.0.4.tar.gz", hash = "sha256:84ab92ed1c4d4f16916e05906b6b75a6c0fb5db821cc65e70cbd64a3e2a5eaae", size = 1868453, upload-time = "2017-06-08T14:34:35.581Z" }
wheels = [
    { url = "https://files.pythonhosted.org/packages/bc/a9/01ffebfb562e4274b6487b4bb1ddec7ca55ec7510b22e4c51f14098443b8/chardet-3.0.4-py2.py3-none-any.whl", hash = "sha256:fc323ffcaeaed0e0a02bf4d117757b98aed530d9ed4531e3e15460124c106691", size = 133356, upload-time = "2017-06-08T14:34:33.552Z" },
]

[[package]]
name = "colorama"
version = "0.4.6"
source = { registry = "https://pypi.org/simple" }
sdist = { url = "https://files.pythonhosted.org/packages/d8/53/6f443c9a4a8358a93a6792e2acffb9d9d5cb0a5cfd8802644b7b1c9a02e4/colorama-0.4.6.tar.gz", hash = "sha256:08695f5cb7ed6e0531a20572697297273c47b8cae5a63ffc6d6ed5c201be6e44", size = 27697, upload-time = "2022-10-25T02:36:22.414Z" }
wheels = [
    { url = "https://files.pythonhosted.org/packages/d1/d6/3965ed04c63042e047cb6a3e6ed1a63a35087b6a609aa3a15ed8ac56c221/colorama-0.4.6-py2.py3-none-any.whl", hash = "sha256:4f1d9991f5acc0ca119f9d443620b77f9d6b33703e51011c16baf57afb285fc6", size = 25335, upload-time = "2022-10-25T02:36:20.889Z" },
]

[[package]]
name = "exceptiongroup"
version = "1.3.0"
source = { registry = "https://pypi.org/simple" }
dependencies = [
    { name = "typing-extensions", version = "4.13.2", source = { registry = "https://pypi.org/simple" }, marker = "python_full_version < '3.9'" },
    { name = "typing-extensions", version = "4.15.0", source = { registry = "https://pypi.org/simple" }, marker = "python_full_version >= '3.9'" },
]
sdist = { url = "https://files.pythonhosted.org/packages/0b/9f/a65090624ecf468cdca03533906e7c69ed7588582240cfe7cc9e770b50eb/exceptiongroup-1.3.0.tar.gz", hash = "sha256:b241f5885f560bc56a59ee63ca4c6a8bfa46ae4ad651af316d4e81817bb9fd88", size = 29749, upload-time = "2025-05-10T17:42:51.123Z" }
wheels = [
    { url = "https://files.pythonhosted.org/packages/36/f4/c6e662dade71f56cd2f3735141b265c3c79293c109549c1e6933b0651ffc/exceptiongroup-1.3.0-py3-none-any.whl", hash = "sha256:4d111e6e0c13d0644cad6ddaa7ed0261a0b36971f6d23e7ec9b4b9097da78a10", size = 16674, upload-time = "2025-05-10T17:42:49.33Z" },
]

[[package]]
name = "future"
version = "1.0.0"
source = { registry = "https://pypi.org/simple" }
sdist = { url = "https://files.pythonhosted.org/packages/a7/b2/4140c69c6a66432916b26158687e821ba631a4c9273c474343badf84d3ba/future-1.0.0.tar.gz", hash = "sha256:bd2968309307861edae1458a4f8a4f3598c03be43b97521076aebf5d94c07b05", size = 1228490, upload-time = "2024-02-21T11:52:38.461Z" }
wheels = [
    { url = "https://files.pythonhosted.org/packages/da/71/ae30dadffc90b9006d77af76b393cb9dfbfc9629f339fc1574a1c52e6806/future-1.0.0-py3-none-any.whl", hash = "sha256:929292d34f5872e70396626ef385ec22355a1fae8ad29e1a734c3e43f9fbc216", size = 491326, upload-time = "2024-02-21T11:52:35.956Z" },
]

[[package]]
name = "idna"
version = "2.7"
source = { registry = "https://pypi.org/simple" }
sdist = { url = "https://files.pythonhosted.org/packages/65/c4/80f97e9c9628f3cac9b98bfca0402ede54e0563b56482e3e6e45c43c4935/idna-2.7.tar.gz", hash = "sha256:684a38a6f903c1d71d6d5fac066b58d7768af4de2b832e426ec79c30daa94a16", size = 172698, upload-time = "2018-06-11T02:52:21.161Z" }
wheels = [
    { url = "https://files.pythonhosted.org/packages/4b/2a/0276479a4b3caeb8a8c1af2f8e4355746a97fab05a372e4a2c6a6b876165/idna-2.7-py2.py3-none-any.whl", hash = "sha256:156a6814fb5ac1fc6850fb002e0852d56c0c8d2531923a51032d1b70760e186e", size = 58213, upload-time = "2018-06-11T02:52:19.321Z" },
]

[[package]]
name = "importlib-metadata"
version = "8.5.0"
source = { registry = "https://pypi.org/simple" }
resolution-markers = [
    "python_full_version < '3.9'",
]
dependencies = [
    { name = "zipp", version = "3.20.2", source = { registry = "https://pypi.org/simple" }, marker = "python_full_version < '3.9'" },
]
sdist = { url = "https://files.pythonhosted.org/packages/cd/12/33e59336dca5be0c398a7482335911a33aa0e20776128f038019f1a95f1b/importlib_metadata-8.5.0.tar.gz", hash = "sha256:71522656f0abace1d072b9e5481a48f07c138e00f079c38c8f883823f9c26bd7", size = 55304, upload-time = "2024-09-11T14:56:08.937Z" }
wheels = [
    { url = "https://files.pythonhosted.org/packages/a0/d9/a1e041c5e7caa9a05c925f4bdbdfb7f006d1f74996af53467bc394c97be7/importlib_metadata-8.5.0-py3-none-any.whl", hash = "sha256:45e54197d28b7a7f1559e60b95e7c567032b602131fbd588f1497f47880aa68b", size = 26514, upload-time = "2024-09-11T14:56:07.019Z" },
]

[[package]]
name = "importlib-metadata"
version = "8.7.0"
source = { registry = "https://pypi.org/simple" }
resolution-markers = [
    "python_full_version >= '3.9'",
]
dependencies = [
    { name = "zipp", version = "3.23.0", source = { registry = "https://pypi.org/simple" }, marker = "python_full_version >= '3.9'" },
]
sdist = { url = "https://files.pythonhosted.org/packages/76/66/650a33bd90f786193e4de4b3ad86ea60b53c89b669a5c7be931fac31cdb0/importlib_metadata-8.7.0.tar.gz", hash = "sha256:d13b81ad223b890aa16c5471f2ac3056cf76c5f10f82d6f9292f0b415f389000", size = 56641, upload-time = "2025-04-27T15:29:01.736Z" }
wheels = [
    { url = "https://files.pythonhosted.org/packages/20/b0/36bd937216ec521246249be3bf9855081de4c5e06a0c9b4219dbeda50373/importlib_metadata-8.7.0-py3-none-any.whl", hash = "sha256:e5dd1551894c77868a30651cef00984d50e1002d06942a7101d34870c5f02afd", size = 27656, upload-time = "2025-04-27T15:29:00.214Z" },
]

[[package]]
name = "iniconfig"
version = "2.1.0"
source = { registry = "https://pypi.org/simple" }
sdist = { url = "https://files.pythonhosted.org/packages/f2/97/ebf4da567aa6827c909642694d71c9fcf53e5b504f2d96afea02718862f3/iniconfig-2.1.0.tar.gz", hash = "sha256:3abbd2e30b36733fee78f9c7f7308f2d0050e88f0087fd25c2645f63c773e1c7", size = 4793, upload-time = "2025-03-19T20:09:59.721Z" }
wheels = [
    { url = "https://files.pythonhosted.org/packages/2c/e1/e6716421ea10d38022b952c159d5161ca1193197fb744506875fbb87ea7b/iniconfig-2.1.0-py3-none-any.whl", hash = "sha256:9deba5723312380e77435581c6bf4935c94cbfab9b1ed33ef8d238ea168eb760", size = 6050, upload-time = "2025-03-19T20:10:01.071Z" },
]

[[package]]
name = "isort"
version = "4.3.4"
source = { registry = "https://pypi.org/simple" }
sdist = { url = "https://files.pythonhosted.org/packages/b1/de/a628d16fdba0d38cafb3d7e34d4830f2c9cb3881384ce5c08c44762e1846/isort-4.3.4.tar.gz", hash = "sha256:b9c40e9750f3d77e6e4d441d8b0266cf555e7cdabdcff33c4fd06366ca761ef8", size = 56070, upload-time = "2018-02-12T15:06:16.498Z" }
wheels = [
    { url = "https://files.pythonhosted.org/packages/1f/2c/22eee714d7199ae0464beda6ad5fedec8fee6a2f7ffd1e8f1840928fe318/isort-4.3.4-py3-none-any.whl", hash = "sha256:1153601da39a25b14ddc54955dbbacbb6b2d19135386699e2ad58517953b34af", size = 45352, upload-time = "2018-02-12T15:06:20.089Z" },
]

[[package]]
name = "lazy-object-proxy"
version = "1.10.0"
source = { registry = "https://pypi.org/simple" }
resolution-markers = [
    "python_full_version < '3.9'",
]
sdist = { url = "https://files.pythonhosted.org/packages/2c/f0/f02e2d150d581a294efded4020094a371bbab42423fe78625ac18854d89b/lazy-object-proxy-1.10.0.tar.gz", hash = "sha256:78247b6d45f43a52ef35c25b5581459e85117225408a4128a3daf8bf9648ac69", size = 43271, upload-time = "2023-12-15T15:11:41.75Z" }
wheels = [
    { url = "https://files.pythonhosted.org/packages/8d/42/a96d9d153f6ea38b925494cb9b42cf4a9f98fd30cad3124fc22e9d04ec34/lazy_object_proxy-1.10.0-cp310-cp310-macosx_10_9_x86_64.whl", hash = "sha256:855e068b0358ab916454464a884779c7ffa312b8925c6f7401e952dcf3b89977", size = 27432, upload-time = "2023-12-15T15:10:44.599Z" },
    { url = "https://files.pythonhosted.org/packages/4a/0d/b325461e43dde8d7644e9b9e9dd57f2a4af472b588c51ccbc92778e60ea4/lazy_object_proxy-1.10.0-cp310-cp310-manylinux_2_17_aarch64.manylinux2014_aarch64.whl", hash = "sha256:7ab7004cf2e59f7c2e4345604a3e6ea0d92ac44e1c2375527d56492014e690c3", size = 69133, upload-time = "2023-12-15T15:10:46.936Z" },
    { url = "https://files.pythonhosted.org/packages/8b/fc/83711d743fb5aaca5747bbf225fe3b5cbe085c7f6c115856b5cce80f3224/lazy_object_proxy-1.10.0-cp310-cp310-manylinux_2_5_x86_64.manylinux1_x86_64.manylinux_2_17_x86_64.manylinux2014_x86_64.whl", hash = "sha256:dc0d2fc424e54c70c4bc06787e4072c4f3b1aa2f897dfdc34ce1013cf3ceef05", size = 68272, upload-time = "2023-12-15T15:10:48.935Z" },
    { url = "https://files.pythonhosted.org/packages/8d/b5/ea47215abd4da45791664d7bbfe2976ca0de2c37af38b5e9e6cf89e0e65e/lazy_object_proxy-1.10.0-cp310-cp310-musllinux_1_1_aarch64.whl", hash = "sha256:e2adb09778797da09d2b5ebdbceebf7dd32e2c96f79da9052b2e87b6ea495895", size = 70891, upload-time = "2023-12-15T15:10:50.543Z" },
    { url = "https://files.pythonhosted.org/packages/8b/9b/908e12e5fa265ea1579261ff80f7b2136fd2ba254bc7f4f7e3dba83fd0f2/lazy_object_proxy-1.10.0-cp310-cp310-musllinux_1_1_x86_64.whl", hash = "sha256:b1f711e2c6dcd4edd372cf5dec5c5a30d23bba06ee012093267b3376c079ec83", size = 70451, upload-time = "2023-12-15T15:10:51.841Z" },
    { url = "https://files.pythonhosted.org/packages/16/ab/d9a47f2e70767af5ee311d71109be6ef2991c66c77bfa18e66707edd9f8c/lazy_object_proxy-1.10.0-cp310-cp310-win32.whl", hash = "sha256:76a095cfe6045c7d0ca77db9934e8f7b71b14645f0094ffcd842349ada5c5fb9", size = 25778, upload-time = "2023-12-15T15:10:53.707Z" },
    { url = "https://files.pythonhosted.org/packages/74/d6/0104e4154d2c30227eb54491dda8a4132be046b4cb37fb4ce915a5abc0d5/lazy_object_proxy-1.10.0-cp310-cp310-win_amd64.whl", hash = "sha256:b4f87d4ed9064b2628da63830986c3d2dca7501e6018347798313fcf028e2fd4", size = 27551, upload-time = "2023-12-15T15:10:54.991Z" },
    { url = "https://files.pythonhosted.org/packages/be/11/23bcc3a85c9df7326d332b29172eaa088a3ebecb2674f257de2599e36aeb/lazy_object_proxy-1.10.0-cp38-cp38-macosx_10_9_x86_64.whl", hash = "sha256:9e4ed0518a14dd26092614412936920ad081a424bdcb54cc13349a8e2c6d106a", size = 27427, upload-time = "2023-12-15T15:11:19.613Z" },
    { url = "https://files.pythonhosted.org/packages/77/18/b78391424f3e35147b0e4d280dda0320c29ee9930b908e42fbe7920b2492/lazy_object_proxy-1.10.0-cp38-cp38-manylinux_2_17_aarch64.manylinux2014_aarch64.whl", hash = "sha256:5ad9e6ed739285919aa9661a5bbed0aaf410aa60231373c5579c6b4801bd883c", size = 66346, upload-time = "2023-12-15T15:11:20.903Z" },
    { url = "https://files.pythonhosted.org/packages/b8/75/4669e1a7e7150e81ac27acc602ae61a37b4cc950c1ed3bd13b8d518bc026/lazy_object_proxy-1.10.0-cp38-cp38-manylinux_2_5_x86_64.manylinux1_x86_64.manylinux_2_17_x86_64.manylinux2014_x86_64.whl", hash = "sha256:2fc0a92c02fa1ca1e84fc60fa258458e5bf89d90a1ddaeb8ed9cc3147f417255", size = 66369, upload-time = "2023-12-15T15:11:22.22Z" },
    { url = "https://files.pythonhosted.org/packages/c8/a2/c99adb712e6ec8387d608c73d5b7a4a459c1c7813f38ee869f605bdc3f38/lazy_object_proxy-1.10.0-cp38-cp38-musllinux_1_1_aarch64.whl", hash = "sha256:0aefc7591920bbd360d57ea03c995cebc204b424524a5bd78406f6e1b8b2a5d8", size = 69713, upload-time = "2023-12-15T15:11:23.617Z" },
    { url = "https://files.pythonhosted.org/packages/f0/84/efe5dfb7c456bd3baa134dc2a4d7c891e7ce15a14c642cbfbcf50ff038ed/lazy_object_proxy-1.10.0-cp38-cp38-musllinux_1_1_x86_64.whl", hash = "sha256:5faf03a7d8942bb4476e3b62fd0f4cf94eaf4618e304a19865abf89a35c0bbee", size = 70065, upload-time = "2023-12-15T15:11:25.555Z" },
    { url = "https://files.pythonhosted.org/packages/36/15/f629f8aea93991a7e4700ef2601e5e4ed3fd0bcd106e3dc69c4ab12ffb98/lazy_object_proxy-1.10.0-cp38-cp38-win32.whl", hash = "sha256:e333e2324307a7b5d86adfa835bb500ee70bfcd1447384a822e96495796b0ca4", size = 25773, upload-time = "2023-12-15T15:11:27.347Z" },
    { url = "https://files.pythonhosted.org/packages/2b/ac/1ce4d58a508a74e4c6aa1e954e77be60720f5717c01b7b34f91ee6015837/lazy_object_proxy-1.10.0-cp38-cp38-win_amd64.whl", hash = "sha256:cb73507defd385b7705c599a94474b1d5222a508e502553ef94114a143ec6696", size = 27536, upload-time = "2023-12-15T15:11:28.62Z" },
    { url = "https://files.pythonhosted.org/packages/bc/2f/b9230d00c2eaa629e67cc69f285bf6b5692cb1d0179a1f8764edd451da86/lazy_object_proxy-1.10.0-cp39-cp39-macosx_10_9_x86_64.whl", hash = "sha256:366c32fe5355ef5fc8a232c5436f4cc66e9d3e8967c01fb2e6302fd6627e3d94", size = 27431, upload-time = "2023-12-15T15:11:29.849Z" },
    { url = "https://files.pythonhosted.org/packages/20/44/7d3b51ada1ddf873b136e2fa1d68bf3ee7b406b0bd9eeb97445932e2bfe1/lazy_object_proxy-1.10.0-cp39-cp39-manylinux_2_17_aarch64.manylinux2014_aarch64.whl", hash = "sha256:2297f08f08a2bb0d32a4265e98a006643cd7233fb7983032bd61ac7a02956b3b", size = 67547, upload-time = "2023-12-15T15:11:31.167Z" },
    { url = "https://files.pythonhosted.org/packages/ab/be/d0a76dd4404ee68c7dd611c9b48e58b5c70ac5458e4c951b2c8923c24dd9/lazy_object_proxy-1.10.0-cp39-cp39-manylinux_2_5_x86_64.manylinux1_x86_64.manylinux_2_17_x86_64.manylinux2014_x86_64.whl", hash = "sha256:18dd842b49456aaa9a7cf535b04ca4571a302ff72ed8740d06b5adcd41fe0757", size = 67068, upload-time = "2023-12-15T15:11:32.62Z" },
    { url = "https://files.pythonhosted.org/packages/d4/f8/d2d0d5caadf41c2d1fc9044dfc0e10d2831fb4ab6a077e68d25ea5bbff3b/lazy_object_proxy-1.10.0-cp39-cp39-musllinux_1_1_aarch64.whl", hash = "sha256:217138197c170a2a74ca0e05bddcd5f1796c735c37d0eee33e43259b192aa424", size = 68587, upload-time = "2023-12-15T15:11:34.606Z" },
    { url = "https://files.pythonhosted.org/packages/8e/ae/3e15cffacbdb64ac49930cdbc23cb0c67e1bb9e8a8ca7765fd8a8d2510c3/lazy_object_proxy-1.10.0-cp39-cp39-musllinux_1_1_x86_64.whl", hash = "sha256:9a3a87cf1e133e5b1994144c12ca4aa3d9698517fe1e2ca82977781b16955658", size = 68949, upload-time = "2023-12-15T15:11:36.183Z" },
    { url = "https://files.pythonhosted.org/packages/36/40/471f9cbecae0ede81b61ef94687357396fe1b04d7a2090a122ad81093afe/lazy_object_proxy-1.10.0-cp39-cp39-win32.whl", hash = "sha256:30b339b2a743c5288405aa79a69e706a06e02958eab31859f7f3c04980853b70", size = 25772, upload-time = "2023-12-15T15:11:37.435Z" },
    { url = "https://files.pythonhosted.org/packages/fe/30/40879041ed6a3364bfa862c4237aa7fe94dcd4affa2175718acbbf4d29b9/lazy_object_proxy-1.10.0-cp39-cp39-win_amd64.whl", hash = "sha256:a899b10e17743683b293a729d3a11f2f399e8a90c73b089e29f5d0fe3509f0dd", size = 27540, upload-time = "2023-12-15T15:11:39.196Z" },
    { url = "https://files.pythonhosted.org/packages/31/8b/94dc8d58704ab87b39faed6f2fc0090b9d90e2e2aa2bbec35c79f3d2a054/lazy_object_proxy-1.10.0-pp310.pp311.pp312.pp38.pp39-none-any.whl", hash = "sha256:80fa48bd89c8f2f456fc0765c11c23bf5af827febacd2f523ca5bc1893fcc09d", size = 16405, upload-time = "2023-12-15T15:11:40.453Z" },
]

[[package]]
name = "lazy-object-proxy"
version = "1.12.0"
source = { registry = "https://pypi.org/simple" }
resolution-markers = [
    "python_full_version >= '3.9'",
]
sdist = { url = "https://files.pythonhosted.org/packages/08/a2/69df9c6ba6d316cfd81fe2381e464db3e6de5db45f8c43c6a23504abf8cb/lazy_object_proxy-1.12.0.tar.gz", hash = "sha256:1f5a462d92fd0cfb82f1fab28b51bfb209fabbe6aabf7f0d51472c0c124c0c61", size = 43681, upload-time = "2025-08-22T13:50:06.783Z" }
wheels = [
    { url = "https://files.pythonhosted.org/packages/d6/2b/d5e8915038acbd6c6a9fcb8aaf923dc184222405d3710285a1fec6e262bc/lazy_object_proxy-1.12.0-cp310-cp310-macosx_11_0_arm64.whl", hash = "sha256:61d5e3310a4aa5792c2b599a7a78ccf8687292c8eb09cf187cca8f09cf6a7519", size = 26658, upload-time = "2025-08-22T13:42:23.373Z" },
    { url = "https://files.pythonhosted.org/packages/da/8f/91fc00eeea46ee88b9df67f7c5388e60993341d2a406243d620b2fdfde57/lazy_object_proxy-1.12.0-cp310-cp310-manylinux_2_17_aarch64.manylinux2014_aarch64.whl", hash = "sha256:c1ca33565f698ac1aece152a10f432415d1a2aa9a42dfe23e5ba2bc255ab91f6", size = 68412, upload-time = "2025-08-22T13:42:24.727Z" },
    { url = "https://files.pythonhosted.org/packages/07/d2/b7189a0e095caedfea4d42e6b6949d2685c354263bdf18e19b21ca9b3cd6/lazy_object_proxy-1.12.0-cp310-cp310-manylinux_2_5_x86_64.manylinux1_x86_64.manylinux_2_17_x86_64.manylinux2014_x86_64.whl", hash = "sha256:d01c7819a410f7c255b20799b65d36b414379a30c6f1684c7bd7eb6777338c1b", size = 67559, upload-time = "2025-08-22T13:42:25.875Z" },
    { url = "https://files.pythonhosted.org/packages/a3/ad/b013840cc43971582ff1ceaf784d35d3a579650eb6cc348e5e6ed7e34d28/lazy_object_proxy-1.12.0-cp310-cp310-musllinux_1_2_aarch64.whl", hash = "sha256:029d2b355076710505c9545aef5ab3f750d89779310e26ddf2b7b23f6ea03cd8", size = 66651, upload-time = "2025-08-22T13:42:27.427Z" },
    { url = "https://files.pythonhosted.org/packages/7e/6f/b7368d301c15612fcc4cd00412b5d6ba55548bde09bdae71930e1a81f2ab/lazy_object_proxy-1.12.0-cp310-cp310-musllinux_1_2_x86_64.whl", hash = "sha256:cc6e3614eca88b1c8a625fc0a47d0d745e7c3255b21dac0e30b3037c5e3deeb8", size = 66901, upload-time = "2025-08-22T13:42:28.585Z" },
    { url = "https://files.pythonhosted.org/packages/61/1b/c6b1865445576b2fc5fa0fbcfce1c05fee77d8979fd1aa653dd0f179aefc/lazy_object_proxy-1.12.0-cp310-cp310-win_amd64.whl", hash = "sha256:be5fe974e39ceb0d6c9db0663c0464669cf866b2851c73971409b9566e880eab", size = 26536, upload-time = "2025-08-22T13:42:29.636Z" },
    { url = "https://files.pythonhosted.org/packages/fd/dc/ab1dcba92b576ed278f358f95edee30e835463e7976a219248a8635f757d/lazy_object_proxy-1.12.0-cp39-cp39-macosx_11_0_arm64.whl", hash = "sha256:ae575ad9b674d0029fc077c5231b3bc6b433a3d1a62a8c363df96974b5534728", size = 26648, upload-time = "2025-08-22T13:49:58.429Z" },
    { url = "https://files.pythonhosted.org/packages/b6/67/b2a4ff7094f35d3dda1c7d0b3b629e8c1186b1a014370c6d20e02d4a23ce/lazy_object_proxy-1.12.0-cp39-cp39-manylinux_2_17_aarch64.manylinux2014_aarch64.whl", hash = "sha256:31020c84005d3daa4cc0fa5a310af2066efe6b0d82aeebf9ab199292652ff036", size = 66845, upload-time = "2025-08-22T13:49:59.623Z" },
    { url = "https://files.pythonhosted.org/packages/69/57/f1d038b4792dd621e2fa92dfdb4f652eee7b1d6000fe6849fc2308c3472e/lazy_object_proxy-1.12.0-cp39-cp39-manylinux_2_5_x86_64.manylinux1_x86_64.manylinux_2_17_x86_64.manylinux2014_x86_64.whl", hash = "sha256:800f32b00a47c27446a2b767df7538e6c66a3488632c402b4fb2224f9794f3c0", size = 66303, upload-time = "2025-08-22T13:50:00.941Z" },
    { url = "https://files.pythonhosted.org/packages/87/df/ee5a4c0dba431ba8f77fb14388abb830d26617a15215f462d84251a91b40/lazy_object_proxy-1.12.0-cp39-cp39-musllinux_1_2_aarch64.whl", hash = "sha256:15400b18893f345857b9e18b9bd87bd06aba84af6ed086187add70aeaa3f93f1", size = 64865, upload-time = "2025-08-22T13:50:02.304Z" },
    { url = "https://files.pythonhosted.org/packages/68/96/227207629436bf5690a32c38b8524fdb32228559e22ccb6b9cb149d8f217/lazy_object_proxy-1.12.0-cp39-cp39-musllinux_1_2_x86_64.whl", hash = "sha256:3d3964fbd326578bcdfffd017ef101b6fb0484f34e731fe060ba9b8816498c36", size = 65123, upload-time = "2025-08-22T13:50:03.643Z" },
    { url = "https://files.pythonhosted.org/packages/f9/84/9646e640689cba3a5b46c62cf4281dfaf3d3e224b16d48d0a24acb1ab74b/lazy_object_proxy-1.12.0-cp39-cp39-win_amd64.whl", hash = "sha256:424a8ab6695400845c39f13c685050eab69fa0bbac5790b201cd27375e5e41d7", size = 26413, upload-time = "2025-08-22T13:50:04.592Z" },
    { url = "https://files.pythonhosted.org/packages/41/a0/b91504515c1f9a299fc157967ffbd2f0321bce0516a3d5b89f6f4cad0355/lazy_object_proxy-1.12.0-pp39.pp310.pp311.graalpy311-none-any.whl", hash = "sha256:c3b2e0af1f7f77c4263759c4824316ce458fabe0fceadcd24ef8ca08b2d1e402", size = 15072, upload-time = "2025-08-22T13:50:05.498Z" },
]

[[package]]
name = "macholib"
version = "1.16.3"
source = { registry = "https://pypi.org/simple" }
dependencies = [
    { name = "altgraph" },
]
sdist = { url = "https://files.pythonhosted.org/packages/95/ee/af1a3842bdd5902ce133bd246eb7ffd4375c38642aeb5dc0ae3a0329dfa2/macholib-1.16.3.tar.gz", hash = "sha256:07ae9e15e8e4cd9a788013d81f5908b3609aa76f9b1421bae9c4d7606ec86a30", size = 59309, upload-time = "2023-09-25T09:10:16.155Z" }
wheels = [
    { url = "https://files.pythonhosted.org/packages/d1/5d/c059c180c84f7962db0aeae7c3b9303ed1d73d76f2bfbc32bc231c8be314/macholib-1.16.3-py2.py3-none-any.whl", hash = "sha256:0e315d7583d38b8c77e815b1ecbdbf504a8258d8b3e17b61165c6feb60d18f2c", size = 38094, upload-time = "2023-09-25T09:10:14.188Z" },
]

[[package]]
name = "mccabe"
version = "0.6.1"
source = { registry = "https://pypi.org/simple" }
sdist = { url = "https://files.pythonhosted.org/packages/06/18/fa675aa501e11d6d6ca0ae73a101b2f3571a565e0f7d38e062eec18a91ee/mccabe-0.6.1.tar.gz", hash = "sha256:dd8d182285a0fe56bace7f45b5e7d1a6ebcbf524e8f3bd87eb0f125271b8831f", size = 8612, upload-time = "2017-01-26T22:13:15.699Z" }
wheels = [
    { url = "https://files.pythonhosted.org/packages/87/89/479dc97e18549e21354893e4ee4ef36db1d237534982482c3681ee6e7b57/mccabe-0.6.1-py2.py3-none-any.whl", hash = "sha256:ab8a6258860da4b6677da4bd2fe5dc2c659cff31b3ee4f7f5d64e79735b80d42", size = 8556, upload-time = "2017-01-26T22:13:14.36Z" },
]

[[package]]
name = "packaging"
version = "25.0"
source = { registry = "https://pypi.org/simple" }
sdist = { url = "https://files.pythonhosted.org/packages/a1/d4/1fc4078c65507b51b96ca8f8c3ba19e6a61c8253c72794544580a7b6c24d/packaging-25.0.tar.gz", hash = "sha256:d443872c98d677bf60f6a1f2f8c1cb748e8fe762d2bf9d3148b5599295b0fc4f", size = 165727, upload-time = "2025-04-19T11:48:59.673Z" }
wheels = [
    { url = "https://files.pythonhosted.org/packages/20/12/38679034af332785aac8774540895e234f4d07f7545804097de4b666afd8/packaging-25.0-py3-none-any.whl", hash = "sha256:29572ef2b1f17581046b3a2227d5c611fb25ec70ca1ba8554b24b0e69331a484", size = 66469, upload-time = "2025-04-19T11:48:57.875Z" },
]

[[package]]
name = "pefile"
version = "2023.2.7"
source = { registry = "https://pypi.org/simple" }
sdist = { url = "https://files.pythonhosted.org/packages/78/c5/3b3c62223f72e2360737fd2a57c30e5b2adecd85e70276879609a7403334/pefile-2023.2.7.tar.gz", hash = "sha256:82e6114004b3d6911c77c3953e3838654b04511b8b66e8583db70c65998017dc", size = 74854, upload-time = "2023-02-07T12:23:55.958Z" }
wheels = [
    { url = "https://files.pythonhosted.org/packages/55/26/d0ad8b448476d0a1e8d3ea5622dc77b916db84c6aa3cb1e1c0965af948fc/pefile-2023.2.7-py3-none-any.whl", hash = "sha256:da185cd2af68c08a6cd4481f7325ed600a88f6a813bad9dea07ab3ef73d8d8d6", size = 71791, upload-time = "2023-02-07T12:28:36.678Z" },
]

[[package]]
name = "pluggy"
version = "1.5.0"
source = { registry = "https://pypi.org/simple" }
resolution-markers = [
    "python_full_version < '3.9'",
]
sdist = { url = "https://files.pythonhosted.org/packages/96/2d/02d4312c973c6050a18b314a5ad0b3210edb65a906f868e31c111dede4a6/pluggy-1.5.0.tar.gz", hash = "sha256:2cffa88e94fdc978c4c574f15f9e59b7f4201d439195c3715ca9e2486f1d0cf1", size = 67955, upload-time = "2024-04-20T21:34:42.531Z" }
wheels = [
    { url = "https://files.pythonhosted.org/packages/88/5f/e351af9a41f866ac3f1fac4ca0613908d9a41741cfcf2228f4ad853b697d/pluggy-1.5.0-py3-none-any.whl", hash = "sha256:44e1ad92c8ca002de6377e165f3e0f1be63266ab4d554740532335b9d75ea669", size = 20556, upload-time = "2024-04-20T21:34:40.434Z" },
]

[[package]]
name = "pluggy"
version = "1.6.0"
source = { registry = "https://pypi.org/simple" }
resolution-markers = [
    "python_full_version >= '3.9'",
]
sdist = { url = "https://files.pythonhosted.org/packages/f9/e2/3e91f31a7d2b083fe6ef3fa267035b518369d9511ffab804f839851d2779/pluggy-1.6.0.tar.gz", hash = "sha256:7dcc130b76258d33b90f61b658791dede3486c3e6bfb003ee5c9bfb396dd22f3", size = 69412, upload-time = "2025-05-15T12:30:07.975Z" }
wheels = [
    { url = "https://files.pythonhosted.org/packages/54/20/4d324d65cc6d9205fabedc306948156824eb9f0ee1633355a8f7ec5c66bf/pluggy-1.6.0-py3-none-any.whl", hash = "sha256:e920276dd6813095e9377c0bc5566d94c932c33b27a3e3945d8389c374dd4746", size = 20538, upload-time = "2025-05-15T12:30:06.134Z" },
]

[[package]]
name = "pygments"
version = "2.19.2"
source = { registry = "https://pypi.org/simple" }
sdist = { url = "https://files.pythonhosted.org/packages/b0/77/a5b8c569bf593b0140bde72ea885a803b82086995367bf2037de0159d924/pygments-2.19.2.tar.gz", hash = "sha256:636cb2477cec7f8952536970bc533bc43743542f70392ae026374600add5b887", size = 4968631, upload-time = "2025-06-21T13:39:12.283Z" }
wheels = [
    { url = "https://files.pythonhosted.org/packages/c7/21/705964c7812476f378728bdf590ca4b771ec72385c533964653c68e86bdc/pygments-2.19.2-py3-none-any.whl", hash = "sha256:86540386c03d588bb81d44bc3928634ff26449851e99741617ecb9037ee5ec0b", size = 1225217, upload-time = "2025-06-21T13:39:07.939Z" },
]

[[package]]
name = "pyinstaller"
version = "6.16.0"
source = { registry = "https://pypi.org/simple" }
dependencies = [
    { name = "altgraph" },
    { name = "importlib-metadata", version = "8.5.0", source = { registry = "https://pypi.org/simple" }, marker = "python_full_version < '3.9'" },
    { name = "importlib-metadata", version = "8.7.0", source = { registry = "https://pypi.org/simple" }, marker = "python_full_version == '3.9.*'" },
    { name = "macholib", marker = "sys_platform == 'darwin'" },
    { name = "packaging" },
    { name = "pefile", marker = "sys_platform == 'win32'" },
    { name = "pyinstaller-hooks-contrib" },
    { name = "pywin32-ctypes", marker = "sys_platform == 'win32'" },
    { name = "setuptools", version = "75.3.2", source = { registry = "https://pypi.org/simple" }, marker = "python_full_version < '3.9'" },
    { name = "setuptools", version = "80.9.0", source = { registry = "https://pypi.org/simple" }, marker = "python_full_version >= '3.9'" },
]
sdist = { url = "https://files.pythonhosted.org/packages/94/94/1f62e95e4a28b64cfbb5b922ef3046f968b47170d37a1e1a029f56ac9cb4/pyinstaller-6.16.0.tar.gz", hash = "sha256:53559fe1e041a234f2b4dcc3288ea8bdd57f7cad8a6644e422c27bb407f3edef", size = 4008473, upload-time = "2025-09-13T20:07:01.733Z" }
wheels = [
    { url = "https://files.pythonhosted.org/packages/7b/0a/c42ce6e5d3de287f2e9432a074fb209f1fb72a86a72f3903849fdb5e4829/pyinstaller-6.16.0-py3-none-macosx_10_13_universal2.whl", hash = "sha256:7fd1c785219a87ca747c21fa92f561b0d2926a7edc06d0a0fe37f3736e00bd7a", size = 1027899, upload-time = "2025-09-13T20:05:59.2Z" },
    { url = "https://files.pythonhosted.org/packages/4e/d0/f18fedde32835d5a758f464c75924e2154065625f09d5456c3c303527654/pyinstaller-6.16.0-py3-none-manylinux2014_aarch64.whl", hash = "sha256:b756ddb9007b8141c5476b553351f9d97559b8af5d07f9460869bfae02be26b0", size = 727990, upload-time = "2025-09-13T20:06:03.583Z" },
    { url = "https://files.pythonhosted.org/packages/7a/db/c8bb47514ce857b24bf9294cf1ff74844b6a489fa0ab4ef6f923288c4e38/pyinstaller-6.16.0-py3-none-manylinux2014_i686.whl", hash = "sha256:0a48f55b85ff60f83169e10050f2759019cf1d06773ad1c4da3a411cd8751058", size = 739238, upload-time = "2025-09-13T20:06:07.69Z" },
    { url = "https://files.pythonhosted.org/packages/c6/3e/451dc784a8fcca0fe9f9b6b802d58555364a95b60f253613a2c83fc6b023/pyinstaller-6.16.0-py3-none-manylinux2014_ppc64le.whl", hash = "sha256:73ba72e04fcece92e32518bbb1e1fb5ac2892677943dfdff38e01a06e8742851", size = 737142, upload-time = "2025-09-13T20:06:11.732Z" },
    { url = "https://files.pythonhosted.org/packages/71/37/2f457479ef8fa2821cdb448acee2421dfb19fbe908bf5499d1930c164084/pyinstaller-6.16.0-py3-none-manylinux2014_s390x.whl", hash = "sha256:b1752488248f7899281b17ca3238eefb5410521291371a686a4f5830f29f52b3", size = 734133, upload-time = "2025-09-13T20:06:15.477Z" },
    { url = "https://files.pythonhosted.org/packages/63/c4/0f7daac4d062a4d1ac2571d8a8b9b5d6812094fcd914d139af591ca5e1ba/pyinstaller-6.16.0-py3-none-manylinux2014_x86_64.whl", hash = "sha256:ba618a61627ee674d6d68e5de084ba17c707b59a4f2a856084b3999bdffbd3f0", size = 733817, upload-time = "2025-09-13T20:06:19.683Z" },
    { url = "https://files.pythonhosted.org/packages/11/e4/b6127265b42bef883e8873d850becadf748bc5652e5a7029b059328f3c31/pyinstaller-6.16.0-py3-none-musllinux_1_1_aarch64.whl", hash = "sha256:c8b7ef536711617e12fef4673806198872033fa06fa92326ad7fd1d84a9fa454", size = 732912, upload-time = "2025-09-13T20:06:23.46Z" },
    { url = "https://files.pythonhosted.org/packages/2b/00/c6663107bdf814b2916e71563beabd09f693c47712213bc228994cb2cc65/pyinstaller-6.16.0-py3-none-musllinux_1_1_x86_64.whl", hash = "sha256:d1ebf84d02c51fed19b82a8abb4df536923abd55bb684d694e1356e4ae2a0ce5", size = 732773, upload-time = "2025-09-13T20:06:27.352Z" },
    { url = "https://files.pythonhosted.org/packages/a3/14/cabe9bc5f60b95d2e70e7d045ab94b0015ff8f6c8b16e2142d3597e30749/pyinstaller-6.16.0-py3-none-win32.whl", hash = "sha256:6d5f8617f3650ff9ef893e2ab4ddbf3c0d23d0c602ef74b5df8fbef4607840c8", size = 1313878, upload-time = "2025-09-13T20:06:33.234Z" },
    { url = "https://files.pythonhosted.org/packages/aa/99/2005efbc297e7813c1d6f18484aa94a1a81ce87b6a5b497c563681f4c4ea/pyinstaller-6.16.0-py3-none-win_amd64.whl", hash = "sha256:bc10eb1a787f99fea613509f55b902fbd2d8b73ff5f51ff245ea29a481d97d41", size = 1374706, upload-time = "2025-09-13T20:06:39.95Z" },
    { url = "https://files.pythonhosted.org/packages/ca/f4/4dfcf69b86d60fcaae05a42bbff1616d48a91e71726e5ed795d773dae9b3/pyinstaller-6.16.0-py3-none-win_arm64.whl", hash = "sha256:d0af8a401de792c233c32c44b16d065ca9ab8262ee0c906835c12bdebc992a64", size = 1315923, upload-time = "2025-09-13T20:06:45.846Z" },
]

[[package]]
name = "pyinstaller-hooks-contrib"
version = "2025.8"
source = { registry = "https://pypi.org/simple" }
dependencies = [
    { name = "importlib-metadata", version = "8.5.0", source = { registry = "https://pypi.org/simple" }, marker = "python_full_version < '3.9'" },
    { name = "importlib-metadata", version = "8.7.0", source = { registry = "https://pypi.org/simple" }, marker = "python_full_version == '3.9.*'" },
    { name = "packaging" },
    { name = "setuptools", version = "75.3.2", source = { registry = "https://pypi.org/simple" }, marker = "python_full_version < '3.9'" },
    { name = "setuptools", version = "80.9.0", source = { registry = "https://pypi.org/simple" }, marker = "python_full_version >= '3.9'" },
]
sdist = { url = "https://files.pythonhosted.org/packages/71/d6/e5b378b7d4add8c879295c531309b0320e9c07a70458665d091760ffdc87/pyinstaller_hooks_contrib-2025.8.tar.gz", hash = "sha256:3402ad41dfe9b5110af134422e37fc5d421ba342c6cb980bd67cb30b7415641c", size = 164214, upload-time = "2025-07-27T16:37:31.943Z" }
wheels = [
    { url = "https://files.pythonhosted.org/packages/48/34/1d973d0dae849683e53fbcda84443ce016f315e6f4dc7605ede4f56a28c3/pyinstaller_hooks_contrib-2025.8-py3-none-any.whl", hash = "sha256:8d0b8cfa0cb689a619294ae200497374234bd4e3994b3ace2a4442274c899064", size = 442346, upload-time = "2025-07-27T16:37:30.268Z" },
]

[[package]]
name = "pylint"
version = "2.7.0"
source = { registry = "https://pypi.org/simple" }
dependencies = [
    { name = "astroid" },
    { name = "colorama", marker = "sys_platform == 'win32'" },
    { name = "isort" },
    { name = "mccabe" },
    { name = "toml" },
]
sdist = { url = "https://files.pythonhosted.org/packages/62/a7/5c6587dd61fc6c759f36a535c0a42090ae0d81f9b142950bdafdb3bc0ccc/pylint-2.7.0.tar.gz", hash = "sha256:2e0c6749d809985e4f181c336a8f89b2b797340d8049160bf95f35a3f0ecf6fc", size = 708709, upload-time = "2021-02-21T16:16:32.826Z" }
wheels = [
    { url = "https://files.pythonhosted.org/packages/00/78/1f61a22f8157891e456d90589361a476f75438127556288bc8b5765eb2cb/pylint-2.7.0-py3-none-any.whl", hash = "sha256:3ea3926700db399765db1faf53860f11e4e981a090646e9eacd01ca78e020579", size = 342843, upload-time = "2021-02-21T16:16:31.385Z" },
]

[[package]]
name = "pytest"
version = "8.3.5"
source = { registry = "https://pypi.org/simple" }
resolution-markers = [
    "python_full_version < '3.9'",
]
dependencies = [
    { name = "colorama", marker = "python_full_version < '3.9' and sys_platform == 'win32'" },
    { name = "exceptiongroup", marker = "python_full_version < '3.9'" },
    { name = "iniconfig", marker = "python_full_version < '3.9'" },
    { name = "packaging", marker = "python_full_version < '3.9'" },
    { name = "pluggy", version = "1.5.0", source = { registry = "https://pypi.org/simple" }, marker = "python_full_version < '3.9'" },
    { name = "tomli", marker = "python_full_version < '3.9'" },
]
sdist = { url = "https://files.pythonhosted.org/packages/ae/3c/c9d525a414d506893f0cd8a8d0de7706446213181570cdbd766691164e40/pytest-8.3.5.tar.gz", hash = "sha256:f4efe70cc14e511565ac476b57c279e12a855b11f48f212af1080ef2263d3845", size = 1450891, upload-time = "2025-03-02T12:54:54.503Z" }
wheels = [
    { url = "https://files.pythonhosted.org/packages/30/3d/64ad57c803f1fa1e963a7946b6e0fea4a70df53c1a7fed304586539c2bac/pytest-8.3.5-py3-none-any.whl", hash = "sha256:c69214aa47deac29fad6c2a4f590b9c4a9fdb16a403176fe154b79c0b4d4d820", size = 343634, upload-time = "2025-03-02T12:54:52.069Z" },
]

[[package]]
name = "pytest"
version = "8.4.2"
source = { registry = "https://pypi.org/simple" }
resolution-markers = [
    "python_full_version >= '3.9'",
]
dependencies = [
    { name = "colorama", marker = "python_full_version >= '3.9' and sys_platform == 'win32'" },
    { name = "exceptiongroup", marker = "python_full_version >= '3.9'" },
    { name = "iniconfig", marker = "python_full_version >= '3.9'" },
    { name = "packaging", marker = "python_full_version >= '3.9'" },
    { name = "pluggy", version = "1.6.0", source = { registry = "https://pypi.org/simple" }, marker = "python_full_version >= '3.9'" },
    { name = "pygments", marker = "python_full_version >= '3.9'" },
    { name = "tomli", marker = "python_full_version >= '3.9'" },
]
sdist = { url = "https://files.pythonhosted.org/packages/a3/5c/00a0e072241553e1a7496d638deababa67c5058571567b92a7eaa258397c/pytest-8.4.2.tar.gz", hash = "sha256:86c0d0b93306b961d58d62a4db4879f27fe25513d4b969df351abdddb3c30e01", size = 1519618, upload-time = "2025-09-04T14:34:22.711Z" }
wheels = [
    { url = "https://files.pythonhosted.org/packages/a8/a4/20da314d277121d6534b3a980b29035dcd51e6744bd79075a6ce8fa4eb8d/pytest-8.4.2-py3-none-any.whl", hash = "sha256:872f880de3fc3a5bdc88a11b39c9710c3497a547cfa9320bc3c5e62fbf272e79", size = 365750, upload-time = "2025-09-04T14:34:20.226Z" },
]

[[package]]
name = "python-telegram-bot"
version = "10.1.0"
source = { registry = "https://pypi.org/simple" }
dependencies = [
    { name = "certifi" },
    { name = "future" },
]
sdist = { url = "https://files.pythonhosted.org/packages/f2/05/4e2ec273779dbb6dd553e7d638e59211126dd914f7a227d88eb3c10e2ba0/python-telegram-bot-10.1.0.tar.gz", hash = "sha256:ca2f8a44ddef7271477e16f4986647fa90ef4df5b55a7953e53b9c9d2672f639", size = 193560, upload-time = "2018-05-04T21:56:30.769Z" }
wheels = [
    { url = "https://files.pythonhosted.org/packages/f1/51/d1bd383522c12b313eddd7b97b8e7d6cd2a8e3b44b8ff3c88e4a7b045cc8/python_telegram_bot-10.1.0-py2.py3-none-any.whl", hash = "sha256:725a28f77a04d056559015963a21eacf5d2d1f1722192237284828b7cc437465", size = 298078, upload-time = "2018-05-04T21:55:41.679Z" },
]

[[package]]
name = "pywin32-ctypes"
version = "0.2.3"
source = { registry = "https://pypi.org/simple" }
sdist = { url = "https://files.pythonhosted.org/packages/85/9f/01a1a99704853cb63f253eea009390c88e7131c67e66a0a02099a8c917cb/pywin32-ctypes-0.2.3.tar.gz", hash = "sha256:d162dc04946d704503b2edc4d55f3dba5c1d539ead017afa00142c38b9885755", size = 29471, upload-time = "2024-08-14T10:15:34.626Z" }
wheels = [
    { url = "https://files.pythonhosted.org/packages/de/3d/8161f7711c017e01ac9f008dfddd9410dff3674334c233bde66e7ba65bbf/pywin32_ctypes-0.2.3-py3-none-any.whl", hash = "sha256:8a1513379d709975552d202d942d9837758905c8d01eb82b8bcc30918929e7b8", size = 30756, upload-time = "2024-08-14T10:15:33.187Z" },
]

[[package]]
name = "redis"
version = "2.10.6"
source = { registry = "https://pypi.org/simple" }
sdist = { url = "https://files.pythonhosted.org/packages/09/8d/6d34b75326bf96d4139a2ddd8e74b80840f800a0a79f9294399e212cb9a7/redis-2.10.6.tar.gz", hash = "sha256:a22ca993cea2962dbb588f9f30d0015ac4afcc45bee27d3978c0dbe9e97c6c0f", size = 97299, upload-time = "2017-08-16T23:37:35.011Z" }
wheels = [
    { url = "https://files.pythonhosted.org/packages/3b/f6/7a76333cf0b9251ecf49efff635015171843d9b977e4ffcf59f9c4428052/redis-2.10.6-py2.py3-none-any.whl", hash = "sha256:8a1900a9f2a0a44ecf6e8b5eb3e967a9909dfed219ad66df094f27f7d6f330fb", size = 64960, upload-time = "2017-08-16T23:37:33.302Z" },
]

[[package]]
name = "requests"
version = "2.20.0"
source = { registry = "https://pypi.org/simple" }
dependencies = [
    { name = "certifi" },
    { name = "chardet" },
    { name = "idna" },
    { name = "urllib3" },
]
sdist = { url = "https://files.pythonhosted.org/packages/97/10/92d25b93e9c266c94b76a5548f020f3f1dd0eb40649cb1993532c0af8f4c/requests-2.20.0.tar.gz", hash = "sha256:99dcfdaaeb17caf6e526f32b6a7b780461512ab3f1d992187801694cba42770c", size = 111179, upload-time = "2018-10-18T15:46:12.763Z" }
wheels = [
    { url = "https://files.pythonhosted.org/packages/f1/ca/10332a30cb25b627192b4ea272c351bce3ca1091e541245cccbace6051d8/requests-2.20.0-py2.py3-none-any.whl", hash = "sha256:a84b8c9ab6239b578f22d1c21d51b696dcfe004032bb80ea832398d6909d7279", size = 60980, upload-time = "2018-10-18T15:46:10.776Z" },
]

[[package]]
name = "setuptools"
version = "75.3.2"
source = { registry = "https://pypi.org/simple" }
resolution-markers = [
    "python_full_version < '3.9'",
]
sdist = { url = "https://files.pythonhosted.org/packages/5c/01/771ea46cce201dd42cff043a5eea929d1c030fb3d1c2ee2729d02ca7814c/setuptools-75.3.2.tar.gz", hash = "sha256:3c1383e1038b68556a382c1e8ded8887cd20141b0eb5708a6c8d277de49364f5", size = 1354489, upload-time = "2025-03-12T00:02:19.004Z" }
wheels = [
    { url = "https://files.pythonhosted.org/packages/15/65/3f0dba35760d902849d39d38c0a72767794b1963227b69a587f8a336d08c/setuptools-75.3.2-py3-none-any.whl", hash = "sha256:90ab613b6583fc02d5369cbca13ea26ea0e182d1df2d943ee9cbe81d4c61add9", size = 1251198, upload-time = "2025-03-12T00:02:17.554Z" },
]

[[package]]
name = "setuptools"
version = "80.9.0"
source = { registry = "https://pypi.org/simple" }
resolution-markers = [
    "python_full_version >= '3.9'",
]
sdist = { url = "https://files.pythonhosted.org/packages/18/5d/3bf57dcd21979b887f014ea83c24ae194cfcd12b9e0fda66b957c69d1fca/setuptools-80.9.0.tar.gz", hash = "sha256:f36b47402ecde768dbfafc46e8e4207b4360c654f1f3bb84475f0a28628fb19c", size = 1319958, upload-time = "2025-05-27T00:56:51.443Z" }
wheels = [
    { url = "https://files.pythonhosted.org/packages/a3/dc/17031897dae0efacfea57dfd3a82fdd2a2aeb58e0ff71b77b87e44edc772/setuptools-80.9.0-py3-none-any.whl", hash = "sha256:062d34222ad13e0cc312a4c02d73f059e86a4acbfbdea8f8f76b28c99f306922", size = 1201486, upload-time = "2025-05-27T00:56:49.664Z" },
]

[[package]]
name = "six"
version = "1.11.0"
source = { registry = "https://pypi.org/simple" }
sdist = { url = "https://files.pythonhosted.org/packages/16/d8/bc6316cf98419719bd59c91742194c111b6f2e85abac88e496adefaf7afe/six-1.11.0.tar.gz", hash = "sha256:70e8a77beed4562e7f14fe23a786b54f6296e34344c23bc42f07b15018ff98e9", size = 29860, upload-time = "2017-09-17T18:46:54.492Z" }
wheels = [
    { url = "https://files.pythonhosted.org/packages/67/4b/141a581104b1f6397bfa78ac9d43d8ad29a7ca43ea90a2d863fe3056e86a/six-1.11.0-py2.py3-none-any.whl", hash = "sha256:832dc0e10feb1aa2c68dcc57dbb658f1c7e65b9b61af69048abc87a2db00a0eb", size = 10702, upload-time = "2017-09-17T18:46:53.702Z" },
]

[[package]]
name = "spotipy"
version = "2.4.4"
source = { registry = "https://pypi.org/simple" }
dependencies = [
    { name = "requests" },
]
sdist = { url = "https://files.pythonhosted.org/packages/59/46/3c957255c96910a8a0e2d9c25db1de51a8676ebba01d7966bedc6e748822/spotipy-2.4.4.tar.gz", hash = "sha256:4b05da481b5c5dd4d1da8c0f0d13ca805dde037db648d12be866244b19501ed1", size = 15052, upload-time = "2017-01-05T11:24:23.476Z" }

[[package]]
name = "telegram-mixtaper"
version = "0.1.0"
source = { editable = "." }
dependencies = [
    { name = "python-telegram-bot" },
    { name = "redis" },
    { name = "requests" },
    { name = "six" },
    { name = "spotipy" },
]

[package.optional-dependencies]
dev = [
    { name = "isort" },
    { name = "pylint" },
]

[package.dev-dependencies]
dev = [
    { name = "pyinstaller" },
    { name = "pytest", version = "8.3.5", source = { registry = "https://pypi.org/simple" }, marker = "python_full_version < '3.9'" },
    { name = "pytest", version = "8.4.2", source = { registry = "https://pypi.org/simple" }, marker = "python_full_version >= '3.9'" },
]

[package.metadata]
requires-dist = [
    { name = "isort", marker = "extra == 'dev'", specifier = "==4.3.4" },
    { name = "pylint", marker = "extra == 'dev'", specifier = "==2.7.0" },
    { name = "python-telegram-bot", specifier = "==10.1.0" },
    { name = "redis", specifier = "==2.10.6" },
    { name = "requests", specifier = "==2.20" },
    { name = "six", specifier = "==1.11.0" },
    { name = "spotipy", specifier = "==2.4.4" },
]
provides-extras = ["dev"]

[package.metadata.requires-dev]
dev = [
    { name = "pyinstaller", specifier = ">=6.3" },
    { name = "pytest", specifier = ">=7.4" },
]

[[package]]
name = "toml"
version = "0.10.2"
source = { registry = "https://pypi.org/simple" }
sdist = { url = "https://files.pythonhosted.org/packages/be/ba/1f744cdc819428fc6b5084ec34d9b30660f6f9daaf70eead706e3203ec3c/toml-0.10.2.tar.gz", hash = "sha256:b3bda1d108d5dd99f4a20d24d9c348e91c4db7ab1b749200bded2f839ccbe68f", size = 22253, upload-time = "2020-11-01T01:40:22.204Z" }
wheels = [
    { url = "https://files.pythonhosted.org/packages/44/6f/7120676b6d73228c96e17f1f794d8ab046fc910d781c8d151120c3f1569e/toml-0.10.2-py2.py3-none-any.whl", hash = "sha256:806143ae5bfb6a3c6e736a764057db0e6a0e05e338b5630894a5f779cabb4f9b", size = 16588, upload-time = "2020-11-01T01:40:20.672Z" },
]

[[package]]
name = "tomli"
version = "2.2.1"
source = { registry = "https://pypi.org/simple" }
sdist = { url = "https://files.pythonhosted.org/packages/18/87/302344fed471e44a87289cf4967697d07e532f2421fdaf868a303cbae4ff/tomli-2.2.1.tar.gz", hash = "sha256:cd45e1dc79c835ce60f7404ec8119f2eb06d38b1deba146f07ced3bbc44505ff", size = 17175, upload-time = "2024-11-27T22:38:36.873Z" }
wheels = [
    { url = "https://files.pythonhosted.org/packages/6e/c2/61d3e0f47e2b74ef40a68b9e6ad5984f6241a942f7cd3bbfbdbd03861ea9/tomli-2.2.1-py3-none-any.whl", hash = "sha256:cb55c73c5f4408779d0cf3eef9f762b9c9f147a77de7b258bef0a5628adc85cc", size = 14257, upload-time = "2024-11-27T22:38:35.385Z" },
]

[[package]]
name = "typing-extensions"
version = "4.13.2"
source = { registry = "https://pypi.org/simple" }
resolution-markers = [
    "python_full_version < '3.9'",
]
sdist = { url = "https://files.pythonhosted.org/packages/f6/37/23083fcd6e35492953e8d2aaaa68b860eb422b34627b13f2ce3eb6106061/typing_extensions-4.13.2.tar.gz", hash = "sha256:e6c81219bd689f51865d9e372991c540bda33a0379d5573cddb9a3a23f7caaef", size = 106967, upload-time = "2025-04-10T14:19:05.416Z" }
wheels = [
    { url = "https://files.pythonhosted.org/packages/8b/54/b1ae86c0973cc6f0210b53d508ca3641fb6d0c56823f288d108bc7ab3cc8/typing_extensions-4.13.2-py3-none-any.whl", hash = "sha256:a439e7c04b49fec3e5d3e2beaa21755cadbbdc391694e28ccdd36ca4a1408f8c", size = 45806, upload-time = "2025-04-10T14:19:03.967Z" },
]

[[package]]
name = "typing-extensions"
version = "4.15.0"
source = { registry = "https://pypi.org/simple" }
resolution-markers = [
    "python_full_version >= '3.9'",
]
sdist = { url = "https://files.pythonhosted.org/packages/72/94/1a15dd82efb362ac84269196e94cf00f187f7ed21c242792a923cdb1c61f/typing_extensions-4.15.0.tar.gz", hash = "sha256:0cea48d173cc12fa28ecabc3b837ea3cf6f38c6d1136f85cbaaf598984861466", size = 109391, upload-time = "2025-08-25T13:49:26.313Z" }
wheels = [
    { url = "https://files.pythonhosted.org/packages/18/67/36e9267722cc04a6b9f15c7f3441c2363321a3ea07da7ae0c0707beb2a9c/typing_extensions-4.15.0-py3-none-any.whl", hash = "sha256:f0fa19c6845758ab08074a0cfa8b7aecb71c999ca73d62883bc25cc018c4e548", size = 44614, upload-time = "2025-08-25T13:49:24.86Z" },
]

[[package]]
name = "urllib3"
version = "1.24.3"
source = { registry = "https://pypi.org/simple" }
sdist = { url = "https://files.pythonhosted.org/packages/8a/3c/1bb7ef6c435dea026f06ed9f3ba16aa93f9f4f5d3857a51a35dfa00882f1/urllib3-1.24.3.tar.gz", hash = "sha256:2393a695cd12afedd0dcb26fe5d50d0cf248e5a66f75dbd89a3d4eb333a61af4", size = 232237, upload-time = "2019-05-02T15:37:46.73Z" }
wheels = [
    { url = "https://files.pythonhosted.org/packages/01/11/525b02e4acc0c747de8b6ccdab376331597c569c42ea66ab0a1dbd36eca2/urllib3-1.24.3-py2.py3-none-any.whl", hash = "sha256:a637e5fae88995b256e3409dc4d52c2e2e0ba32c42a6365fee8bbd2238de3cfb", size = 118799, upload-time = "2019-05-02T15:37:44.733Z" },
]

[[package]]
name = "wrapt"
version = "1.12.1"
source = { registry = "https://pypi.org/simple" }
sdist = { url = "https://files.pythonhosted.org/packages/82/f7/e43cefbe88c5fd371f4cf0cf5eb3feccd07515af9fd6cf7dbf1d1793a797/wrapt-1.12.1.tar.gz", hash = "sha256:b62ffa81fb85f4332a4f609cab4ac40709470da05643a082ec1eb88e6d9b97d7", size = 27488, upload-time = "2020-03-09T02:32:04.07Z" }

[[package]]
name = "zipp"
version = "3.20.2"
source = { registry = "https://pypi.org/simple" }
resolution-markers = [
    "python_full_version < '3.9'",
]
sdist = { url = "https://files.pythonhosted.org/packages/54/bf/5c0000c44ebc80123ecbdddba1f5dcd94a5ada602a9c225d84b5aaa55e86/zipp-3.20.2.tar.gz", hash = "sha256:bc9eb26f4506fda01b81bcde0ca78103b6e62f991b381fec825435c836edbc29", size = 24199, upload-time = "2024-09-13T13:44:16.101Z" }
wheels = [
    { url = "https://files.pythonhosted.org/packages/62/8b/5ba542fa83c90e09eac972fc9baca7a88e7e7ca4b221a89251954019308b/zipp-3.20.2-py3-none-any.whl", hash = "sha256:a817ac80d6cf4b23bf7f2828b7cabf326f15a001bea8b1f9b49631780ba28350", size = 9200, upload-time = "2024-09-13T13:44:14.38Z" },
]

[[package]]
name = "zipp"
version = "3.23.0"
source = { registry = "https://pypi.org/simple" }
resolution-markers = [
    "python_full_version >= '3.9'",
]
sdist = { url = "https://files.pythonhosted.org/packages/e3/02/0f2892c661036d50ede074e376733dca2ae7c6eb617489437771209d4180/zipp-3.23.0.tar.gz", hash = "sha256:a07157588a12518c9d4034df3fbbee09c814741a33ff63c05fa29d26a2404166", size = 25547, upload-time = "2025-06-08T17:06:39.4Z" }
wheels = [
    { url = "https://files.pythonhosted.org/packages/2e/54/647ade08bf0db230bfea292f893923872fd20be6ac6f53b2b936ba839d75/zipp-3.23.0-py3-none-any.whl", hash = "sha256:071652d6115ed432f5ce1d34c336c0adfd6a884660d1e9712a256d3d3bd4b14e", size = 10276, upload-time = "2025-06-08T17:06:38.034Z" },
]
